
Microsoft Visual Studio Solution File, Format Version 12.00
# Visual Studio Version 16
VisualStudioVersion = 16.0.30204.135
MinimumVisualStudioVersion = 10.0.40219.1
Project("{FAE04EC0-301F-11D3-BF4B-00C04F79EFBC}") = "FileUpload", "FileUpload\FileUpload.csproj", "{09CD1493-0351-4118-8508-491081AE940D}"
EndProject
Global
	GlobalSection(SolutionConfigurationPlatforms) = preSolution
		Debug|Any CPU = Debug|Any CPU
		Release|Any CPU = Release|Any CPU
	EndGlobalSection
	GlobalSection(ProjectConfigurationPlatforms) = postSolution
		{09CD1493-0351-4118-8508-491081AE940D}.Debug|Any CPU.ActiveCfg = Debug|Any CPU
		{09CD1493-0351-4118-8508-491081AE940D}.Debug|Any CPU.Build.0 = Debug|Any CPU
		{09CD1493-0351-4118-8508-491081AE940D}.Release|Any CPU.ActiveCfg = Release|Any CPU
		{09CD1493-0351-4118-8508-491081AE940D}.Release|Any CPU.Build.0 = Release|Any CPU
	EndGlobalSection
	GlobalSection(SolutionProperties) = preSolution
		HideSolutionNode = FALSE
	EndGlobalSection
	GlobalSection(ExtensibilityGlobals) = postSolution
		SolutionGuid = {B57A1D45-1737-4D29-9099-2EA5820F9687}
	EndGlobalSection
EndGlobal
